
Microsoft Visual Studio Solution File, Format Version 12.00
# Visual Studio Version 16
VisualStudioVersion = 16.0.32929.386
MinimumVisualStudioVersion = 10.0.40219.1
Project("{FAE04EC0-301F-11D3-BF4B-00C04F79EFBC}") = "Vectores", "Vectores.csproj", "{DEAF2890-ADCC-46F4-82BC-5E809E6D8CF8}"
EndProject
Global
	GlobalSection(SolutionConfigurationPlatforms) = preSolution
		Debug|Any CPU = Debug|Any CPU
		Release|Any CPU = Release|Any CPU
	EndGlobalSection
	GlobalSection(ProjectConfigurationPlatforms) = postSolution
		{DEAF2890-ADCC-46F4-82BC-5E809E6D8CF8}.Debug|Any CPU.ActiveCfg = Debug|Any CPU
		{DEAF2890-ADCC-46F4-82BC-5E809E6D8CF8}.Debug|Any CPU.Build.0 = Debug|Any CPU
		{DEAF2890-ADCC-46F4-82BC-5E809E6D8CF8}.Release|Any CPU.ActiveCfg = Release|Any CPU
		{DEAF2890-ADCC-46F4-82BC-5E809E6D8CF8}.Release|Any CPU.Build.0 = Release|Any CPU
	EndGlobalSection
	GlobalSection(SolutionProperties) = preSolution
		HideSolutionNode = FALSE
	EndGlobalSection
	GlobalSection(ExtensibilityGlobals) = postSolution
		SolutionGuid = {6EA86C19-8577-4C20-8526-7B256B435F48}
	EndGlobalSection
EndGlobal
